
Microsoft Visual Studio Solution File, Format Version 12.00
Project("{FAE04EC0-301F-11D3-BF4B-00C04F79EFBC}") = "YouTubeTitleParse-CLI", "YouTubeTitleParse-CLI.csproj", "{AB323344-7C83-41A0-91EC-960B439A63C7}"
EndProject
Project("{FAE04EC0-301F-11D3-BF4B-00C04F79EFBC}") = "YouTubeTitleParse", "..\lib\YouTubeTitleParse.csproj", "{57CA3A6F-081B-4B1B-948C-E456C91C5D6F}"
EndProject
Global
	GlobalSection(SolutionConfigurationPlatforms) = preSolution
		Debug|Any CPU = Debug|Any CPU
		Release|Any CPU = Release|Any CPU
	EndGlobalSection
	GlobalSection(ProjectConfigurationPlatforms) = postSolution
		{AB323344-7C83-41A0-91EC-960B439A63C7}.Debug|Any CPU.ActiveCfg = Debug|Any CPU
		{AB323344-7C83-41A0-91EC-960B439A63C7}.Debug|Any CPU.Build.0 = Debug|Any CPU
		{AB323344-7C83-41A0-91EC-960B439A63C7}.Release|Any CPU.ActiveCfg = Release|Any CPU
		{AB323344-7C83-41A0-91EC-960B439A63C7}.Release|Any CPU.Build.0 = Release|Any CPU
		{57CA3A6F-081B-4B1B-948C-E456C91C5D6F}.Debug|Any CPU.ActiveCfg = Debug|Any CPU
		{57CA3A6F-081B-4B1B-948C-E456C91C5D6F}.Debug|Any CPU.Build.0 = Debug|Any CPU
		{57CA3A6F-081B-4B1B-948C-E456C91C5D6F}.Release|Any CPU.ActiveCfg = Release|Any CPU
		{57CA3A6F-081B-4B1B-948C-E456C91C5D6F}.Release|Any CPU.Build.0 = Release|Any CPU
	EndGlobalSection
EndGlobal
