
Microsoft Visual Studio Solution File, Format Version 12.00
Project("{FAE04EC0-301F-11D3-BF4B-00C04F79EFBC}") = "YouTubeTitleParse", "YouTubeTitleParse.csproj", "{B7B7FAD3-4E38-4D25-9074-4A33E30EB216}"
EndProject
Global
	GlobalSection(SolutionConfigurationPlatforms) = preSolution
		Debug|Any CPU = Debug|Any CPU
		Release|Any CPU = Release|Any CPU
	EndGlobalSection
	GlobalSection(ProjectConfigurationPlatforms) = postSolution
		{B7B7FAD3-4E38-4D25-9074-4A33E30EB216}.Debug|Any CPU.ActiveCfg = Debug|Any CPU
		{B7B7FAD3-4E38-4D25-9074-4A33E30EB216}.Debug|Any CPU.Build.0 = Debug|Any CPU
		{B7B7FAD3-4E38-4D25-9074-4A33E30EB216}.Release|Any CPU.ActiveCfg = Release|Any CPU
		{B7B7FAD3-4E38-4D25-9074-4A33E30EB216}.Release|Any CPU.Build.0 = Release|Any CPU
	EndGlobalSection
EndGlobal
